
Microsoft Visual Studio Solution File, Format Version 12.00
# Visual Studio 2012
Project("{FAE04EC0-301F-11D3-BF4B-00C04F79EFBC}") = "Raumschach", "Raumschach\Raumschach.csproj", "{90D08220-6141-47B0-90DC-51FB402AB23F}"
EndProject
Project("{FAE04EC0-301F-11D3-BF4B-00C04F79EFBC}") = "RaumschachTest", "RaumschachTest\RaumschachTest.csproj", "{9189DDFA-2E41-4C74-9630-39A8CFFD6DDF}"
EndProject
Global
	GlobalSection(SolutionConfigurationPlatforms) = preSolution
		Debug|Any CPU = Debug|Any CPU
		Release|Any CPU = Release|Any CPU
	EndGlobalSection
	GlobalSection(ProjectConfigurationPlatforms) = postSolution
		{90D08220-6141-47B0-90DC-51FB402AB23F}.Debug|Any CPU.ActiveCfg = Debug|Any CPU
		{90D08220-6141-47B0-90DC-51FB402AB23F}.Debug|Any CPU.Build.0 = Debug|Any CPU
		{90D08220-6141-47B0-90DC-51FB402AB23F}.Release|Any CPU.ActiveCfg = Release|Any CPU
		{90D08220-6141-47B0-90DC-51FB402AB23F}.Release|Any CPU.Build.0 = Release|Any CPU
		{9189DDFA-2E41-4C74-9630-39A8CFFD6DDF}.Debug|Any CPU.ActiveCfg = Debug|Any CPU
		{9189DDFA-2E41-4C74-9630-39A8CFFD6DDF}.Debug|Any CPU.Build.0 = Debug|Any CPU
		{9189DDFA-2E41-4C74-9630-39A8CFFD6DDF}.Release|Any CPU.ActiveCfg = Release|Any CPU
		{9189DDFA-2E41-4C74-9630-39A8CFFD6DDF}.Release|Any CPU.Build.0 = Release|Any CPU
	EndGlobalSection
	GlobalSection(SolutionProperties) = preSolution
		HideSolutionNode = FALSE
	EndGlobalSection
EndGlobal
